// !$*UTF8*$!
{
	archiveVersion = 1;
	classes = {
	};
	objectVersion = 50;
	objects = {

/* Begin PBXBuildFile section */
		3AB2200721D442A600D3DC1D /* AppDelegate.swift in Sources */ = {isa = PBXBuildFile; fileRef = 3AB2200621D442A600D3DC1D /* AppDelegate.swift */; };
		3AB2200921D442A600D3DC1D /* ViewController.swift in Sources */ = {isa = PBXBuildFile; fileRef = 3AB2200821D442A600D3DC1D /* ViewController.swift */; };
		3AB2200C21D442A600D3DC1D /* Main.storyboard in Resources */ = {isa = PBXBuildFile; fileRef = 3AB2200A21D442A600D3DC1D /* Main.storyboard */; };
		3AB2200E21D442A900D3DC1D /* Assets.xcassets in Resources */ = {isa = PBXBuildFile; fileRef = 3AB2200D21D442A900D3DC1D /* Assets.xcassets */; };
		3AB2201121D442A900D3DC1D /* LaunchScreen.storyboard in Resources */ = {isa = PBXBuildFile; fileRef = 3AB2200F21D442A900D3DC1D /* LaunchScreen.storyboard */; };
		3AB2201C21D442A900D3DC1D /* tippyTests.swift in Sources */ = {isa = PBXBuildFile; fileRef = 3AB2201B21D442A900D3DC1D /* tippyTests.swift */; };
		3AB2202721D442AA00D3DC1D /* tippyUITests.swift in Sources */ = {isa = PBXBuildFile; fileRef = 3AB2202621D442AA00D3DC1D /* tippyUITests.swift */; };
/* End PBXBuildFile section */

/* Begin PBXContainerItemProxy section */
		3AB2201821D442A900D3DC1D /* PBXContainerItemProxy */ = {
			isa = PBXContainerItemProxy;
			containerPortal = 3AB21FFB21D442A500D3DC1D /* Project object */;
			proxyType = 1;
			remoteGlobalIDString = 3AB2200221D442A600D3DC1D;
			remoteInfo = tippy;
		};
		3AB2202321D442AA00D3DC1D /* PBXContainerItemProxy */ = {
			isa = PBXContainerItemProxy;
			containerPortal = 3AB21FFB21D442A500D3DC1D /* Project object */;
			proxyType = 1;
			remoteGlobalIDString = 3AB2200221D442A600D3DC1D;
			remoteInfo = tippy;
		};
/* End PBXContainerItemProxy section */

/* Begin PBXFileReference section */
		3AB2200321D442A600D3DC1D /* tippy.app */ = {isa = PBXFileReference; explicitFileType = wrapper.application; includeInIndex = 0; path = tippy.app; sourceTree = BUILT_PRODUCTS_DIR; };
		3AB2200621D442A600D3DC1D /* AppDelegate.swift */ = {isa = PBXFileReference; lastKnownFileType = sourcecode.swift; path = AppDelegate.swift; sourceTree = "<group>"; };
		3AB2200821D442A600D3DC1D /* ViewController.swift */ = {isa = PBXFileReference; lastKnownFileType = sourcecode.swift; path = ViewController.swift; sourceTree = "<group>"; };
		3AB2200B21D442A600D3DC1D /* Base */ = {isa = PBXFileReference; lastKnownFileType = file.storyboard; name = Base; path = Base.lproj/Main.storyboard; sourceTree = "<group>"; };
		3AB2200D21D442A900D3DC1D /* Assets.xcassets */ = {isa = PBXFileReference; lastKnownFileType = folder.assetcatalog; path = Assets.xcassets; sourceTree = "<group>"; };
		3AB2201021D442A900D3DC1D /* Base */ = {isa = PBXFileReference; lastKnownFileType = file.storyboard; name = Base; path = Base.lproj/LaunchScreen.storyboard; sourceTree = "<group>"; };
		3AB2201221D442A900D3DC1D /* Info.plist */ = {isa = PBXFileReference; lastKnownFileType = text.plist.xml; path = Info.plist; sourceTree = "<group>"; };
		3AB2201721D442A900D3DC1D /* tippyTests.xctest */ = {isa = PBXFileReference; explicitFileType = wrapper.cfbundle; includeInIndex = 0; path = tippyTests.xctest; sourceTree = BUILT_PRODUCTS_DIR; };
		3AB2201B21D442A900D3DC1D /* tippyTests.swift */ = {isa = PBXFileReference; lastKnownFileType = sourcecode.swift; path = tippyTests.swift; sourceTree = "<group>"; };
		3AB2201D21D442AA00D3DC1D /* Info.plist */ = {isa = PBXFileReference; lastKnownFileType = text.plist.xml; path = Info.plist; sourceTree = "<group>"; };
		3AB2202221D442AA00D3DC1D /* tippyUITests.xctest */ = {isa = PBXFileReference; explicitFileType = wrapper.cfbundle; includeInIndex = 0; path = tippyUITests.xctest; sourceTree = BUILT_PRODUCTS_DIR; };
		3AB2202621D442AA00D3DC1D /* tippyUITests.swift */ = {isa = PBXFileReference; lastKnownFileType = sourcecode.swift; path = tippyUITests.swift; sourceTree = "<group>"; };
		3AB2202821D442AA00D3DC1D /* Info.plist */ = {isa = PBXFileReference; lastKnownFileType = text.plist.xml; path = Info.plist; sourceTree = "<group>"; };
/* End PBXFileReference section */

/* Begin PBXFrameworksBuildPhase section */
		3AB2200021D442A600D3DC1D /* Frameworks */ = {
			isa = PBXFrameworksBuildPhase;
			buildActionMask = 2147483647;
			files = (
			);
			runOnlyForDeploymentPostprocessing = 0;
		};
		3AB2201421D442A900D3DC1D /* Frameworks */ = {
			isa = PBXFrameworksBuildPhase;
			buildActionMask = 2147483647;
			files = (
			);
			runOnlyForDeploymentPostprocessing = 0;
		};
		3AB2201F21D442AA00D3DC1D /* Frameworks */ = {
			isa = PBXFrameworksBuildPhase;
			buildActionMask = 2147483647;
			files = (
			);
			runOnlyForDeploymentPostprocessing = 0;
		};
/* End PBXFrameworksBuildPhase section */

/* Begin PBXGroup section */
		3AB21FFA21D442A500D3DC1D = {
			isa = PBXGroup;
			children = (
				3AB2200521D442A600D3DC1D /* tippy */,
				3AB2201A21D442A900D3DC1D /* tippyTests */,
				3AB2202521D442AA00D3DC1D /* tippyUITests */,
				3AB2200421D442A600D3DC1D /* Products */,
			);
			sourceTree = "<group>";
		};
		3AB2200421D442A600D3DC1D /* Products */ = {
			isa = PBXGroup;
			children = (
				3AB2200321D442A600D3DC1D /* tippy.app */,
				3AB2201721D442A900D3DC1D /* tippyTests.xctest */,
				3AB2202221D442AA00D3DC1D /* tippyUITests.xctest */,
			);
			name = Products;
			sourceTree = "<group>";
		};
		3AB2200521D442A600D3DC1D /* tippy */ = {
			isa = PBXGroup;
			children = (
				3AB2200621D442A600D3DC1D /* AppDelegate.swift */,
				3AB2200821D442A600D3DC1D /* ViewController.swift */,
				3AB2200A21D442A600D3DC1D /* Main.storyboard */,
				3AB2200D21D442A900D3DC1D /* Assets.xcassets */,
				3AB2200F21D442A900D3DC1D /* LaunchScreen.storyboard */,
				3AB2201221D442A900D3DC1D /* Info.plist */,
			);
			path = tippy;
			sourceTree = "<group>";
		};
		3AB2201A21D442A900D3DC1D /* tippyTests */ = {
			isa = PBXGroup;
			children = (
				3AB2201B21D442A900D3DC1D /* tippyTests.swift */,
				3AB2201D21D442AA00D3DC1D /* Info.plist */,
			);
			path = tippyTests;
			sourceTree = "<group>";
		};
		3AB2202521D442AA00D3DC1D /* tippyUITests */ = {
			isa = PBXGroup;
			children = (
				3AB2202621D442AA00D3DC1D /* tippyUITests.swift */,
				3AB2202821D442AA00D3DC1D /* Info.plist */,
			);
			path = tippyUITests;
			sourceTree = "<group>";
		};
/* End PBXGroup section */

/* Begin PBXNativeTarget section */
		3AB2200221D442A600D3DC1D /* tippy */ = {
			isa = PBXNativeTarget;
			buildConfigurationList = 3AB2202B21D442AA00D3DC1D /* Build configuration list for PBXNativeTarget "tippy" */;
			buildPhases = (
				3AB21FFF21D442A600D3DC1D /* Sources */,
				3AB2200021D442A600D3DC1D /* Frameworks */,
				3AB2200121D442A600D3DC1D /* Resources */,
			);
			buildRules = (
			);
			dependencies = (
			);
			name = tippy;
			productName = tippy;
			productReference = 3AB2200321D442A600D3DC1D /* tippy.app */;
			productType = "com.apple.product-type.application";
		};
		3AB2201621D442A900D3DC1D /* tippyTests */ = {
			isa = PBXNativeTarget;
			buildConfigurationList = 3AB2202E21D442AA00D3DC1D /* Build configuration list for PBXNativeTarget "tippyTests" */;
			buildPhases = (
				3AB2201321D442A900D3DC1D /* Sources */,
				3AB2201421D442A900D3DC1D /* Frameworks */,
				3AB2201521D442A900D3DC1D /* Resources */,
			);
			buildRules = (
			);
			dependencies = (
				3AB2201921D442A900D3DC1D /* PBXTargetDependency */,
			);
			name = tippyTests;
			productName = tippyTests;
			productReference = 3AB2201721D442A900D3DC1D /* tippyTests.xctest */;
			productType = "com.apple.product-type.bundle.unit-test";
		};
		3AB2202121D442AA00D3DC1D /* tippyUITests */ = {
			isa = PBXNativeTarget;
			buildConfigurationList = 3AB2203121D442AA00D3DC1D /* Build configuration list for PBXNativeTarget "tippyUITests" */;
			buildPhases = (
				3AB2201E21D442AA00D3DC1D /* Sources */,
				3AB2201F21D442AA00D3DC1D /* Frameworks */,
				3AB2202021D442AA00D3DC1D /* Resources */,
			);
			buildRules = (
			);
			dependencies = (
				3AB2202421D442AA00D3DC1D /* PBXTargetDependency */,
			);
			name = tippyUITests;
			productName = tippyUITests;
			productReference = 3AB2202221D442AA00D3DC1D /* tippyUITests.xctest */;
			productType = "com.apple.product-type.bundle.ui-testing";
		};
/* End PBXNativeTarget section */

/* Begin PBXProject section */
		3AB21FFB21D442A500D3DC1D /* Project object */ = {
			isa = PBXProject;
			attributes = {
				LastSwiftUpdateCheck = 1010;
				LastUpgradeCheck = 1010;
				ORGANIZATIONNAME = "sweta kumari";
				TargetAttributes = {
					3AB2200221D442A600D3DC1D = {
						CreatedOnToolsVersion = 10.1;
					};
					3AB2201621D442A900D3DC1D = {
						CreatedOnToolsVersion = 10.1;
						TestTargetID = 3AB2200221D442A600D3DC1D;
					};
					3AB2202121D442AA00D3DC1D = {
						CreatedOnToolsVersion = 10.1;
						TestTargetID = 3AB2200221D442A600D3DC1D;
					};
				};
			};
			buildConfigurationList = 3AB21FFE21D442A500D3DC1D /* Build configuration list for PBXProject "tippy" */;
			compatibilityVersion = "Xcode 9.3";
			developmentRegion = en;
			hasScannedForEncodings = 0;
			knownRegions = (
				en,
				Base,
			);
			mainGroup = 3AB21FFA21D442A500D3DC1D;
			productRefGroup = 3AB2200421D442A600D3DC1D /* Products */;
			projectDirPath = "";
			projectRoot = "";
			targets = (
				3AB2200221D442A600D3DC1D /* tippy */,
				3AB2201621D442A900D3DC1D /* tippyTests */,
				3AB2202121D442AA00D3DC1D /* tippyUITests */,
			);
		};
/* End PBXProject section */

/* Begin PBXResourcesBuildPhase section */
		3AB2200121D442A600D3DC1D /* Resources */ = {
			isa = PBXResourcesBuildPhase;
			buildActionMask = 2147483647;
			files = (
				3AB2201121D442A900D3DC1D /* LaunchScreen.storyboard in Resources */,
				3AB2200E21D442A900D3DC1D /* Assets.xcassets in Resources */,
				3AB2200C21D442A600D3DC1D /* Main.storyboard in Resources */,
			);
			runOnlyForDeploymentPostprocessing = 0;
		};
		3AB2201521D442A900D3DC1D /* Resources */ = {
			isa = PBXResourcesBuildPhase;
			buildActionMask = 2147483647;
			files = (
			);
			runOnlyForDeploymentPostprocessing = 0;
		};
		3AB2202021D442AA00D3DC1D /* Resources */ = {
			isa = PBXResourcesBuildPhase;
			buildActionMask = 2147483647;
			files = (
			);
			runOnlyForDeploymentPostprocessing = 0;
		};
/* End PBXResourcesBuildPhase section */

/* Begin PBXSourcesBuildPhase section */
		3AB21FFF21D442A600D3DC1D /* Sources */ = {
			isa = PBXSourcesBuildPhase;
			buildActionMask = 2147483647;
			files = (
				3AB2200921D442A600D3DC1D /* ViewController.swift in Sources */,
				3AB2200721D442A600D3DC1D /* AppDelegate.swift in Sources */,
			);
			runOnlyForDeploymentPostprocessing = 0;
		};
		3AB2201321D442A900D3DC1D /* Sources */ = {
			isa = PBXSourcesBuildPhase;
			buildActionMask = 2147483647;
			files = (
				3AB2201C21D442A900D3DC1D /* tippyTests.swift in Sources */,
			);
			runOnlyForDeploymentPostprocessing = 0;
		};
		3AB2201E21D442AA00D3DC1D /* Sources */ = {
			isa = PBXSourcesBuildPhase;
			buildActionMask = 2147483647;
			files = (
				3AB2202721D442AA00D3DC1D /* tippyUITests.swift in Sources */,
			);
			runOnlyForDeploymentPostprocessing = 0;
		};
/* End PBXSourcesBuildPhase section */

/* Begin PBXTargetDependency section */
		3AB2201921D442A900D3DC1D /* PBXTargetDependency */ = {
			isa = PBXTargetDependency;
			target = 3AB2200221D442A600D3DC1D /* tippy */;
			targetProxy = 3AB2201821D442A900D3DC1D /* PBXContainerItemProxy */;
		};
		3AB2202421D442AA00D3DC1D /* PBXTargetDependency */ = {
			isa = PBXTargetDependency;
			target = 3AB2200221D442A600D3DC1D /* tippy */;
			targetProxy = 3AB2202321D442AA00D3DC1D /* PBXContainerItemProxy */;
		};
/* End PBXTargetDependency section */

/* Begin PBXVariantGroup section */
		3AB2200A21D442A600D3DC1D /* Main.storyboard */ = {
			isa = PBXVariantGroup;
			children = (
				3AB2200B21D442A600D3DC1D /* Base */,
			);
			name = Main.storyboard;
			sourceTree = "<group>";
		};
		3AB2200F21D442A900D3DC1D /* LaunchScreen.storyboard */ = {
			isa = PBXVariantGroup;
			children = (
				3AB2201021D442A900D3DC1D /* Base */,
			);
			name = LaunchScreen.storyboard;
			sourceTree = "<group>";
		};
/* End PBXVariantGroup section */

/* Begin XCBuildConfiguration section */
		3AB2202921D442AA00D3DC1D /* Debug */ = {
			isa = XCBuildConfiguration;
			buildSettings = {
				ALWAYS_SEARCH_USER_PATHS = NO;
				CLANG_ANALYZER_NONNULL = YES;
				CLANG_ANALYZER_NUMBER_OBJECT_CONVERSION = YES_AGGRESSIVE;
				CLANG_CXX_LANGUAGE_STANDARD = "gnu++14";
				CLANG_CXX_LIBRARY = "libc++";
				CLANG_ENABLE_MODULES = YES;
				CLANG_ENABLE_OBJC_ARC = YES;
				CLANG_ENABLE_OBJC_WEAK = YES;
				CLANG_WARN_BLOCK_CAPTURE_AUTORELEASING = YES;
				CLANG_WARN_BOOL_CONVERSION = YES;
				CLANG_WARN_COMMA = YES;
				CLANG_WARN_CONSTANT_CONVERSION = YES;
				CLANG_WARN_DEPRECATED_OBJC_IMPLEMENTATIONS = YES;
				CLANG_WARN_DIRECT_OBJC_ISA_USAGE = YES_ERROR;
				CLANG_WARN_DOCUMENTATION_COMMENTS = YES;
				CLANG_WARN_EMPTY_BODY = YES;
				CLANG_WARN_ENUM_CONVERSION = YES;
				CLANG_WARN_INFINITE_RECURSION = YES;
				CLANG_WARN_INT_CONVERSION = YES;
				CLANG_WARN_NON_LITERAL_NULL_CONVERSION = YES;
				CLANG_WARN_OBJC_IMPLICIT_RETAIN_SELF = YES;
				CLANG_WARN_OBJC_LITERAL_CONVERSION = YES;
				CLANG_WARN_OBJC_ROOT_CLASS = YES_ERROR;
				CLANG_WARN_RANGE_LOOP_ANALYSIS = YES;
				CLANG_WARN_STRICT_PROTOTYPES = YES;
				CLANG_WARN_SUSPICIOUS_MOVE = YES;
				CLANG_WARN_UNGUARDED_AVAILABILITY = YES_AGGRESSIVE;
				CLANG_WARN_UNREACHABLE_CODE = YES;
				CLANG_WARN__DUPLICATE_METHOD_MATCH = YES;
				CODE_SIGN_IDENTITY = "iPhone Developer";
				COPY_PHASE_STRIP = NO;
				DEBUG_INFORMATION_FORMAT = dwarf;
				ENABLE_STRICT_OBJC_MSGSEND = YES;
				ENABLE_TESTABILITY = YES;
				GCC_C_LANGUAGE_STANDARD = gnu11;
				GCC_DYNAMIC_NO_PIC = NO;
				GCC_NO_COMMON_BLOCKS = YES;
				GCC_OPTIMIZATION_LEVEL = 0;
				GCC_PREPROCESSOR_DEFINITIONS = (
					"DEBUG=1",
					"$(inherited)",
				);
				GCC_WARN_64_TO_32_BIT_CONVERSION = YES;
				GCC_WARN_ABOUT_RETURN_TYPE = YES_ERROR;
				GCC_WARN_UNDECLARED_SELECTOR = YES;
				GCC_WARN_UNINITIALIZED_AUTOS = YES_AGGRESSIVE;
				GCC_WARN_UNUSED_FUNCTION = YES;
				GCC_WARN_UNUSED_VARIABLE = YES;
				IPHONEOS_DEPLOYMENT_TARGET = 12.1;
				MTL_ENABLE_DEBUG_INFO = INCLUDE_SOURCE;
				MTL_FAST_MATH = YES;
				ONLY_ACTIVE_ARCH = YES;
				SDKROOT = iphoneos;
				SWIFT_ACTIVE_COMPILATION_CONDITIONS = DEBUG;
				SWIFT_OPTIMIZATION_LEVEL = "-Onone";
			};
			name = Debug;
		};
		3AB2202A21D442AA00D3DC1D /* Release */ = {
			isa = XCBuildConfiguration;
			buildSettings = {
				ALWAYS_SEARCH_USER_PATHS = NO;
				CLANG_ANALYZER_NONNULL = YES;
				CLANG_ANALYZER_NUMBER_OBJECT_CONVERSION = YES_AGGRESSIVE;
				CLANG_CXX_LANGUAGE_STANDARD = "gnu++14";
				CLANG_CXX_LIBRARY = "libc++";
				CLANG_ENABLE_MODULES = YES;
				CLANG_ENABLE_OBJC_ARC = YES;
				CLANG_ENABLE_OBJC_WEAK = YES;
				CLANG_WARN_BLOCK_CAPTURE_AUTORELEASING = YES;
				CLANG_WARN_BOOL_CONVERSION = YES;
				CLANG_WARN_COMMA = YES;
				CLANG_WARN_CONSTANT_CONVERSION = YES;
				CLANG_WARN_DEPRECATED_OBJC_IMPLEMENTATIONS = YES;
				CLANG_WARN_DIRECT_OBJC_ISA_USAGE = YES_ERROR;
				CLANG_WARN_DOCUMENTATION_COMMENTS = YES;
				CLANG_WARN_EMPTY_BODY = YES;
				CLANG_WARN_ENUM_CONVERSION = YES;
				CLANG_WARN_INFINITE_RECURSION = YES;
				CLANG_WARN_INT_CONVERSION = YES;
				CLANG_WARN_NON_LITERAL_NULL_CONVERSION = YES;
				CLANG_WARN_OBJC_IMPLICIT_RETAIN_SELF = YES;
				CLANG_WARN_OBJC_LITERAL_CONVERSION = YES;
				CLANG_WARN_OBJC_ROOT_CLASS = YES_ERROR;
				CLANG_WARN_RANGE_LOOP_ANALYSIS = YES;
				CLANG_WARN_STRICT_PROTOTYPES = YES;
				CLANG_WARN_SUSPICIOUS_MOVE = YES;
				CLANG_WARN_UNGUARDED_AVAILABILITY = YES_AGGRESSIVE;
				CLANG_WARN_UNREACHABLE_CODE = YES;
				CLANG_WARN__DUPLICATE_METHOD_MATCH = YES;
				CODE_SIGN_IDENTITY = "iPhone Developer";
				COPY_PHASE_STRIP = NO;
				DEBUG_INFORMATION_FORMAT = "dwarf-with-dsym";
				ENABLE_NS_ASSERTIONS = NO;
				ENABLE_STRICT_OBJC_MSGSEND = YES;
				GCC_C_LANGUAGE_STANDARD = gnu11;
				GCC_NO_COMMON_BLOCKS = YES;
				GCC_WARN_64_TO_32_BIT_CONVERSION = YES;
				GCC_WARN_ABOUT_RETURN_TYPE = YES_ERROR;
				GCC_WARN_UNDECLARED_SELECTOR = YES;
				GCC_WARN_UNINITIALIZED_AUTOS = YES_AGGRESSIVE;
				GCC_WARN_UNUSED_FUNCTION = YES;
				GCC_WARN_UNUSED_VARIABLE = YES;
				IPHONEOS_DEPLOYMENT_TARGET = 12.1;
				MTL_ENABLE_DEBUG_INFO = NO;
				MTL_FAST_MATH = YES;
				SDKROOT = iphoneos;
				SWIFT_COMPILATION_MODE = wholemodule;
				SWIFT_OPTIMIZATION_LEVEL = "-O";
				VALIDATE_PRODUCT = YES;
			};
			name = Release;
		};
		3AB2202C21D442AA00D3DC1D /* Debug */ = {
			isa = XCBuildConfiguration;
			buildSettings = {
				ASSETCATALOG_COMPILER_APPICON_NAME = AppIcon;
				CODE_SIGN_STYLE = Automatic;
				INFOPLIST_FILE = tippy/Info.plist;
				LD_RUNPATH_SEARCH_PATHS = (
					"$(inherited)",
					"@executable_path/Frameworks",
				);
				PRODUCT_BUNDLE_IDENTIFIER = com.codepath.tippy;
				PRODUCT_NAME = "$(TARGET_NAME)";
				SWIFT_VERSION = 4.2;
				TARGETED_DEVICE_FAMILY = "1,2";
			};
			name = Debug;
		};
		3AB2202D21D442AA00D3DC1D /* Release */ = {
			isa = XCBuildConfiguration;
			buildSettings = {
				ASSETCATALOG_COMPILER_APPICON_NAME = AppIcon;
				CODE_SIGN_STYLE = Automatic;
				INFOPLIST_FILE = tippy/Info.plist;
				LD_RUNPATH_SEARCH_PATHS = (
					"$(inherited)",
					"@executable_path/Frameworks",
				);
				PRODUCT_BUNDLE_IDENTIFIER = com.codepath.tippy;
				PRODUCT_NAME = "$(TARGET_NAME)";
				SWIFT_VERSION = 4.2;
				TARGETED_DEVICE_FAMILY = "1,2";
			};
			name = Release;
		};
		3AB2202F21D442AA00D3DC1D /* Debug */ = {
			isa = XCBuildConfiguration;
			buildSettings = {
				ALWAYS_EMBED_SWIFT_STANDARD_LIBRARIES = YES;
				BUNDLE_LOADER = "$(TEST_HOST)";
				CODE_SIGN_STYLE = Automatic;
				INFOPLIST_FILE = tippyTests/Info.plist;
				LD_RUNPATH_SEARCH_PATHS = (
					"$(inherited)",
					"@executable_path/Frameworks",
					"@loader_path/Frameworks",
				);
				PRODUCT_BUNDLE_IDENTIFIER = com.codepath.tippyTests;
				PRODUCT_NAME = "$(TARGET_NAME)";
				SWIFT_VERSION = 4.2;
				TARGETED_DEVICE_FAMILY = "1,2";
				TEST_HOST = "$(BUILT_PRODUCTS_DIR)/tippy.app/tippy";
			};
			name = Debug;
		};
		3AB2203021D442AA00D3DC1D /* Release */ = {
			isa = XCBuildConfiguration;
			buildSettings = {
				ALWAYS_EMBED_SWIFT_STANDARD_LIBRARIES = YES;
				BUNDLE_LOADER = "$(TEST_HOST)";
				CODE_SIGN_STYLE = Automatic;
				INFOPLIST_FILE = tippyTests/Info.plist;
				LD_RUNPATH_SEARCH_PATHS = (
					"$(inherited)",
					"@executable_path/Frameworks",
					"@loader_path/Frameworks",
				);
				PRODUCT_BUNDLE_IDENTIFIER = com.codepath.tippyTests;
				PRODUCT_NAME = "$(TARGET_NAME)";
				SWIFT_VERSION = 4.2;
				TARGETED_DEVICE_FAMILY = "1,2";
				TEST_HOST = "$(BUILT_PRODUCTS_DIR)/tippy.app/tippy";
			};
			name = Release;
		};
		3AB2203221D442AA00D3DC1D /* Debug */ = {
			isa = XCBuildConfiguration;
			buildSettings = {
				ALWAYS_EMBED_SWIFT_STANDARD_LIBRARIES = YES;
				CODE_SIGN_STYLE = Automatic;
				INFOPLIST_FILE = tippyUITests/Info.plist;
				LD_RUNPATH_SEARCH_PATHS = (
					"$(inherited)",
					"@executable_path/Frameworks",
					"@loader_path/Frameworks",
				);
				PRODUCT_BUNDLE_IDENTIFIER = com.codepath.tippyUITests;
				PRODUCT_NAME = "$(TARGET_NAME)";
				SWIFT_VERSION = 4.2;
				TARGETED_DEVICE_FAMILY = "1,2";
				TEST_TARGET_NAME = tippy;
			};
			name = Debug;
		};
		3AB2203321D442AA00D3DC1D /* Release */ = {
			isa = XCBuildConfiguration;
			buildSettings = {
				ALWAYS_EMBED_SWIFT_STANDARD_LIBRARIES = YES;
				CODE_SIGN_STYLE = Automatic;
				INFOPLIST_FILE = tippyUITests/Info.plist;
				LD_RUNPATH_SEARCH_PATHS = (
					"$(inherited)",
					"@executable_path/Frameworks",
					"@loader_path/Frameworks",
				);
				PRODUCT_BUNDLE_IDENTIFIER = com.codepath.tippyUITests;
				PRODUCT_NAME = "$(TARGET_NAME)";
				SWIFT_VERSION = 4.2;
				TARGETED_DEVICE_FAMILY = "1,2";
				TEST_TARGET_NAME = tippy;
			};
			name = Release;
		};
/* End XCBuildConfiguration section */

/* Begin XCConfigurationList section */
		3AB21FFE21D442A500D3DC1D /* Build configuration list for PBXProject "tippy" */ = {
			isa = XCConfigurationList;
			buildConfigurations = (
				3AB2202921D442AA00D3DC1D /* Debug */,
				3AB2202A21D442AA00D3DC1D /* Release */,
			);
			defaultConfigurationIsVisible = 0;
			defaultConfigurationName = Release;
		};
		3AB2202B21D442AA00D3DC1D /* Build configuration list for PBXNativeTarget "tippy" */ = {
			isa = XCConfigurationList;
			buildConfigurations = (
				3AB2202C21D442AA00D3DC1D /* Debug */,
				3AB2202D21D442AA00D3DC1D /* Release */,
			);
			defaultConfigurationIsVisible = 0;
			defaultConfigurationName = Release;
		};
		3AB2202E21D442AA00D3DC1D /* Build configuration list for PBXNativeTarget "tippyTests" */ = {
			isa = XCConfigurationList;
			buildConfigurations = (
				3AB2202F21D442AA00D3DC1D /* Debug */,
				3AB2203021D442AA00D3DC1D /* Release */,
			);
			defaultConfigurationIsVisible = 0;
			defaultConfigurationName = Release;
		};
		3AB2203121D442AA00D3DC1D /* Build configuration list for PBXNativeTarget "tippyUITests" */ = {
			isa = XCConfigurationList;
			buildConfigurations = (
				3AB2203221D442AA00D3DC1D /* Debug */,
				3AB2203321D442AA00D3DC1D /* Release */,
			);
			defaultConfigurationIsVisible = 0;
			defaultConfigurationName = Release;
		};
/* End XCConfigurationList section */
	};
	rootObject = 3AB21FFB21D442A500D3DC1D /* Project object */;
}
